{
  "name": "@anmiles/tsconfig",
  "version": "1.0.8",
  "lockfileVersion": 3,
  "requires": true,
  "packages": {
    "": {
      "name": "@anmiles/tsconfig",
      "version": "1.0.8",
      "license": "MIT",
      "devDependencies": {
        "@anmiles/tsconfig": "^1.0.7",
        "typescript": "^5.3.3"
      },
      "engines": {
        "node": ">=18.14.2"
      }
    },
    "node_modules/@anmiles/tsconfig": {
      "version": "1.0.7",
      "resolved": "https://registry.npmjs.org/@anmiles/tsconfig/-/tsconfig-1.0.7.tgz",
      "integrity": "sha512-b3SqJGNk9rrF54rw737IiADiXwAuDokrf5hxWB+xuLMLgtwyVOAZLDLyBo9xHxIAmR8CNAY1J2r3dAl7E8kIaw==",
      "dev": true,
      "engines": {
        "node": ">=18.14.2"
      }
    },
    "node_modules/typescript": {
      "version": "5.3.3",
      "resolved": "https://registry.npmjs.org/typescript/-/typescript-5.3.3.tgz",
      "integrity": "sha512-pXWcraxM0uxAS+tN0AG/BF2TyqmHO014Z070UsJ+pFvYuRSq8KH8DmWpnbXe0pEPDHXZV3FcAbJkijJ5oNEnWw==",
      "dev": true,
      "bin": {
        "tsc": "bin/tsc",
        "tsserver": "bin/tsserver"
      },
      "engines": {
        "node": ">=14.17"
      }
    }
  }
}
